
Microsoft Visual Studio Solution File, Format Version 12.00
# Visual Studio Version 17
VisualStudioVersion = 17.0.31903.59
MinimumVisualStudioVersion = 10.0.40219.1
Project("{2150E333-8FDC-42A3-9474-1A3956D46DE8}") = "src", "src", "{827E0CD3-B72D-47B6-A68D-7590B98EB39B}"
EndProject
Project("{FAE04EC0-301F-11D3-BF4B-00C04F79EFBC}") = "CBWSSSync.App", "src\CBWSSSync.App\CBWSSSync.App.csproj", "{0592ACC3-7975-4108-B6A9-D24505D9386D}"
EndProject
Project("{FAE04EC0-301F-11D3-BF4B-00C04F79EFBC}") = "CBWSSSync.Core", "src\CBWSSSync.Core\CBWSSSync.Core.csproj", "{905871D6-8EB1-4541-A73D-AD6C3431DF65}"
EndProject
Project("{FAE04EC0-301F-11D3-BF4B-00C04F79EFBC}") = "CBWSSSync.Infrastructure", "src\CBWSSSync.Infrastructure\CBWSSSync.Infrastructure.csproj", "{D957B2EE-F1EE-4F52-81C2-797C098F2D0C}"
EndProject
Project("{2150E333-8FDC-42A3-9474-1A3956D46DE8}") = "tests", "tests", "{0AB3BF05-4346-4AA6-1389-037BE0695223}"
EndProject
Project("{FAE04EC0-301F-11D3-BF4B-00C04F79EFBC}") = "CBWSSSync.Tests", "tests\CBWSSSync.Tests\CBWSSSync.Tests.csproj", "{C0E837D5-1146-4D29-A344-DED191DD2D98}"
EndProject
Global
	GlobalSection(SolutionConfigurationPlatforms) = preSolution
		Debug|Any CPU = Debug|Any CPU
		Debug|x64 = Debug|x64
		Debug|x86 = Debug|x86
		Release|Any CPU = Release|Any CPU
		Release|x64 = Release|x64
		Release|x86 = Release|x86
	EndGlobalSection
	GlobalSection(ProjectConfigurationPlatforms) = postSolution
		{0592ACC3-7975-4108-B6A9-D24505D9386D}.Debug|Any CPU.ActiveCfg = Debug|Any CPU
		{0592ACC3-7975-4108-B6A9-D24505D9386D}.Debug|Any CPU.Build.0 = Debug|Any CPU
		{0592ACC3-7975-4108-B6A9-D24505D9386D}.Debug|x64.ActiveCfg = Debug|Any CPU
		{0592ACC3-7975-4108-B6A9-D24505D9386D}.Debug|x64.Build.0 = Debug|Any CPU
		{0592ACC3-7975-4108-B6A9-D24505D9386D}.Debug|x86.ActiveCfg = Debug|Any CPU
		{0592ACC3-7975-4108-B6A9-D24505D9386D}.Debug|x86.Build.0 = Debug|Any CPU
		{0592ACC3-7975-4108-B6A9-D24505D9386D}.Release|Any CPU.ActiveCfg = Release|Any CPU
		{0592ACC3-7975-4108-B6A9-D24505D9386D}.Release|Any CPU.Build.0 = Release|Any CPU
		{0592ACC3-7975-4108-B6A9-D24505D9386D}.Release|x64.ActiveCfg = Release|Any CPU
		{0592ACC3-7975-4108-B6A9-D24505D9386D}.Release|x64.Build.0 = Release|Any CPU
		{0592ACC3-7975-4108-B6A9-D24505D9386D}.Release|x86.ActiveCfg = Release|Any CPU
		{0592ACC3-7975-4108-B6A9-D24505D9386D}.Release|x86.Build.0 = Release|Any CPU
		{905871D6-8EB1-4541-A73D-AD6C3431DF65}.Debug|Any CPU.ActiveCfg = Debug|Any CPU
		{905871D6-8EB1-4541-A73D-AD6C3431DF65}.Debug|Any CPU.Build.0 = Debug|Any CPU
		{905871D6-8EB1-4541-A73D-AD6C3431DF65}.Debug|x64.ActiveCfg = Debug|Any CPU
		{905871D6-8EB1-4541-A73D-AD6C3431DF65}.Debug|x64.Build.0 = Debug|Any CPU
		{905871D6-8EB1-4541-A73D-AD6C3431DF65}.Debug|x86.ActiveCfg = Debug|Any CPU
		{905871D6-8EB1-4541-A73D-AD6C3431DF65}.Debug|x86.Build.0 = Debug|Any CPU
		{905871D6-8EB1-4541-A73D-AD6C3431DF65}.Release|Any CPU.ActiveCfg = Release|Any CPU
		{905871D6-8EB1-4541-A73D-AD6C3431DF65}.Release|Any CPU.Build.0 = Release|Any CPU
		{905871D6-8EB1-4541-A73D-AD6C3431DF65}.Release|x64.ActiveCfg = Release|Any CPU
		{905871D6-8EB1-4541-A73D-AD6C3431DF65}.Release|x64.Build.0 = Release|Any CPU
		{905871D6-8EB1-4541-A73D-AD6C3431DF65}.Release|x86.ActiveCfg = Release|Any CPU
		{905871D6-8EB1-4541-A73D-AD6C3431DF65}.Release|x86.Build.0 = Release|Any CPU
		{D957B2EE-F1EE-4F52-81C2-797C098F2D0C}.Debug|Any CPU.ActiveCfg = Debug|Any CPU
		{D957B2EE-F1EE-4F52-81C2-797C098F2D0C}.Debug|Any CPU.Build.0 = Debug|Any CPU
		{D957B2EE-F1EE-4F52-81C2-797C098F2D0C}.Debug|x64.ActiveCfg = Debug|Any CPU
		{D957B2EE-F1EE-4F52-81C2-797C098F2D0C}.Debug|x64.Build.0 = Debug|Any CPU
		{D957B2EE-F1EE-4F52-81C2-797C098F2D0C}.Debug|x86.ActiveCfg = Debug|Any CPU
		{D957B2EE-F1EE-4F52-81C2-797C098F2D0C}.Debug|x86.Build.0 = Debug|Any CPU
		{D957B2EE-F1EE-4F52-81C2-797C098F2D0C}.Release|Any CPU.ActiveCfg = Release|Any CPU
		{D957B2EE-F1EE-4F52-81C2-797C098F2D0C}.Release|Any CPU.Build.0 = Release|Any CPU
		{D957B2EE-F1EE-4F52-81C2-797C098F2D0C}.Release|x64.ActiveCfg = Release|Any CPU
		{D957B2EE-F1EE-4F52-81C2-797C098F2D0C}.Release|x64.Build.0 = Release|Any CPU
		{D957B2EE-F1EE-4F52-81C2-797C098F2D0C}.Release|x86.ActiveCfg = Release|Any CPU
		{D957B2EE-F1EE-4F52-81C2-797C098F2D0C}.Release|x86.Build.0 = Release|Any CPU
		{C0E837D5-1146-4D29-A344-DED191DD2D98}.Debug|Any CPU.ActiveCfg = Debug|Any CPU
		{C0E837D5-1146-4D29-A344-DED191DD2D98}.Debug|Any CPU.Build.0 = Debug|Any CPU
		{C0E837D5-1146-4D29-A344-DED191DD2D98}.Debug|x64.ActiveCfg = Debug|Any CPU
		{C0E837D5-1146-4D29-A344-DED191DD2D98}.Debug|x64.Build.0 = Debug|Any CPU
		{C0E837D5-1146-4D29-A344-DED191DD2D98}.Debug|x86.ActiveCfg = Debug|Any CPU
		{C0E837D5-1146-4D29-A344-DED191DD2D98}.Debug|x86.Build.0 = Debug|Any CPU
		{C0E837D5-1146-4D29-A344-DED191DD2D98}.Release|Any CPU.ActiveCfg = Release|Any CPU
		{C0E837D5-1146-4D29-A344-DED191DD2D98}.Release|Any CPU.Build.0 = Release|Any CPU
		{C0E837D5-1146-4D29-A344-DED191DD2D98}.Release|x64.ActiveCfg = Release|Any CPU
		{C0E837D5-1146-4D29-A344-DED191DD2D98}.Release|x64.Build.0 = Release|Any CPU
		{C0E837D5-1146-4D29-A344-DED191DD2D98}.Release|x86.ActiveCfg = Release|Any CPU
		{C0E837D5-1146-4D29-A344-DED191DD2D98}.Release|x86.Build.0 = Release|Any CPU
	EndGlobalSection
	GlobalSection(SolutionProperties) = preSolution
		HideSolutionNode = FALSE
	EndGlobalSection
	GlobalSection(NestedProjects) = preSolution
		{0592ACC3-7975-4108-B6A9-D24505D9386D} = {827E0CD3-B72D-47B6-A68D-7590B98EB39B}
		{905871D6-8EB1-4541-A73D-AD6C3431DF65} = {827E0CD3-B72D-47B6-A68D-7590B98EB39B}
		{D957B2EE-F1EE-4F52-81C2-797C098F2D0C} = {827E0CD3-B72D-47B6-A68D-7590B98EB39B}
		{C0E837D5-1146-4D29-A344-DED191DD2D98} = {0AB3BF05-4346-4AA6-1389-037BE0695223}
	EndGlobalSection
EndGlobal
